// !$*UTF8*$!
{
	archiveVersion = 1;
	classes = {
	};
	objectVersion = 46;
	objects = {

/* Begin PBXBuildFile section */
		0091D8F90E81B9330029341E /* OpenGL.framework in Frameworks */ = {isa = PBXBuildFile; fileRef = 0091D8F80E81B9330029341E /* OpenGL.framework */; };
		00B784B30FF439BC000DE1D7 /* Accelerate.framework in Frameworks */ = {isa = PBXBuildFile; fileRef = 00B784AF0FF439BC000DE1D7 /* Accelerate.framework */; };
		00B784B40FF439BC000DE1D7 /* AudioToolbox.framework in Frameworks */ = {isa = PBXBuildFile; fileRef = 00B784B00FF439BC000DE1D7 /* AudioToolbox.framework */; };
		00B784B50FF439BC000DE1D7 /* AudioUnit.framework in Frameworks */ = {isa = PBXBuildFile; fileRef = 00B784B10FF439BC000DE1D7 /* AudioUnit.framework */; };
		00B784B60FF439BC000DE1D7 /* CoreAudio.framework in Frameworks */ = {isa = PBXBuildFile; fileRef = 00B784B20FF439BC000DE1D7 /* CoreAudio.framework */; };
		5323E6B20EAFCA74003A9687 /* CoreVideo.framework in Frameworks */ = {isa = PBXBuildFile; fileRef = 5323E6B10EAFCA74003A9687 /* CoreVideo.framework */; };
		5323E6B60EAFCA7E003A9687 /* QTKit.framework in Frameworks */ = {isa = PBXBuildFile; fileRef = 5323E6B50EAFCA7E003A9687 /* QTKit.framework */; };
		782E3513B94B4FA78E1D82EC /* CinderApp.icns in Resources */ = {isa = PBXBuildFile; fileRef = 8E2B380823BE4AEFB5C590EB /* CinderApp.icns */; };
		8D11072F0486CEB800E47090 /* Cocoa.framework in Frameworks */ = {isa = PBXBuildFile; fileRef = 1058C7A1FEA54F0111CA2CBB /* Cocoa.framework */; };
		8FE5197E6FC5411C90C344E1 /* UITestApp.cpp in Sources */ = {isa = PBXBuildFile; fileRef = 074AAB2471C64FAB87F130CF /* UITestApp.cpp */; };
		95F58D6E1AB6885A0017D3E0 /* XAssetManager.cpp in Sources */ = {isa = PBXBuildFile; fileRef = 95F58D651AB6885A0017D3E0 /* XAssetManager.cpp */; };
		95F58D6F1AB6885A0017D3E0 /* XImage.cpp in Sources */ = {isa = PBXBuildFile; fileRef = 95F58D661AB6885A0017D3E0 /* XImage.cpp */; };
		95F58D701AB6885A0017D3E0 /* XMovie.cpp in Sources */ = {isa = PBXBuildFile; fileRef = 95F58D671AB6885A0017D3E0 /* XMovie.cpp */; };
		95F58D711AB6885A0017D3E0 /* XNode.cpp in Sources */ = {isa = PBXBuildFile; fileRef = 95F58D681AB6885A0017D3E0 /* XNode.cpp */; };
		95F58D721AB6885A0017D3E0 /* XRect.cpp in Sources */ = {isa = PBXBuildFile; fileRef = 95F58D691AB6885A0017D3E0 /* XRect.cpp */; };
		95F58D731AB6885A0017D3E0 /* XScene.cpp in Sources */ = {isa = PBXBuildFile; fileRef = 95F58D6A1AB6885A0017D3E0 /* XScene.cpp */; };
		95F58D741AB6885A0017D3E0 /* XScript.cpp in Sources */ = {isa = PBXBuildFile; fileRef = 95F58D6B1AB6885A0017D3E0 /* XScript.cpp */; };
		95F58D751AB6885A0017D3E0 /* XSVG.cpp in Sources */ = {isa = PBXBuildFile; fileRef = 95F58D6C1AB6885A0017D3E0 /* XSVG.cpp */; };
		95F58D761AB6885A0017D3E0 /* XText.cpp in Sources */ = {isa = PBXBuildFile; fileRef = 95F58D6D1AB6885A0017D3E0 /* XText.cpp */; };
		95F58D781AB68BE80017D3E0 /* QuickTime.framework in Frameworks */ = {isa = PBXBuildFile; fileRef = 95F58D771AB68BE80017D3E0 /* QuickTime.framework */; };
		95F58DB01AB68D6D0017D3E0 /* lapi.c in Sources */ = {isa = PBXBuildFile; fileRef = 95F58D791AB68D6D0017D3E0 /* lapi.c */; };
		95F58DB11AB68D6D0017D3E0 /* lauxlib.c in Sources */ = {isa = PBXBuildFile; fileRef = 95F58D7B1AB68D6D0017D3E0 /* lauxlib.c */; };
		95F58DB21AB68D6D0017D3E0 /* lbaselib.c in Sources */ = {isa = PBXBuildFile; fileRef = 95F58D7D1AB68D6D0017D3E0 /* lbaselib.c */; };
		95F58DB31AB68D6D0017D3E0 /* lcode.c in Sources */ = {isa = PBXBuildFile; fileRef = 95F58D7E1AB68D6D0017D3E0 /* lcode.c */; };
		95F58DB41AB68D6D0017D3E0 /* ldblib.c in Sources */ = {isa = PBXBuildFile; fileRef = 95F58D801AB68D6D0017D3E0 /* ldblib.c */; };
		95F58DB51AB68D6D0017D3E0 /* ldebug.c in Sources */ = {isa = PBXBuildFile; fileRef = 95F58D811AB68D6D0017D3E0 /* ldebug.c */; };
		95F58DB61AB68D6D0017D3E0 /* ldo.c in Sources */ = {isa = PBXBuildFile; fileRef = 95F58D831AB68D6D0017D3E0 /* ldo.c */; };
		95F58DB71AB68D6D0017D3E0 /* ldump.c in Sources */ = {isa = PBXBuildFile; fileRef = 95F58D851AB68D6D0017D3E0 /* ldump.c */; };
		95F58DB81AB68D6D0017D3E0 /* lfunc.c in Sources */ = {isa = PBXBuildFile; fileRef = 95F58D861AB68D6D0017D3E0 /* lfunc.c */; };
		95F58DB91AB68D6D0017D3E0 /* lgc.c in Sources */ = {isa = PBXBuildFile; fileRef = 95F58D881AB68D6D0017D3E0 /* lgc.c */; };
		95F58DBA1AB68D6D0017D3E0 /* linit.c in Sources */ = {isa = PBXBuildFile; fileRef = 95F58D8A1AB68D6D0017D3E0 /* linit.c */; };
		95F58DBB1AB68D6D0017D3E0 /* liolib.c in Sources */ = {isa = PBXBuildFile; fileRef = 95F58D8B1AB68D6D0017D3E0 /* liolib.c */; };
		95F58DBC1AB68D6D0017D3E0 /* llex.c in Sources */ = {isa = PBXBuildFile; fileRef = 95F58D8C1AB68D6D0017D3E0 /* llex.c */; };
		95F58DBD1AB68D6D0017D3E0 /* lmathlib.c in Sources */ = {isa = PBXBuildFile; fileRef = 95F58D8F1AB68D6D0017D3E0 /* lmathlib.c */; };
		95F58DBE1AB68D6D0017D3E0 /* lmem.c in Sources */ = {isa = PBXBuildFile; fileRef = 95F58D901AB68D6D0017D3E0 /* lmem.c */; };
		95F58DBF1AB68D6D0017D3E0 /* loadlib.c in Sources */ = {isa = PBXBuildFile; fileRef = 95F58D921AB68D6D0017D3E0 /* loadlib.c */; };
		95F58DC01AB68D6D0017D3E0 /* lobject.c in Sources */ = {isa = PBXBuildFile; fileRef = 95F58D931AB68D6D0017D3E0 /* lobject.c */; };
		95F58DC11AB68D6D0017D3E0 /* lopcodes.c in Sources */ = {isa = PBXBuildFile; fileRef = 95F58D951AB68D6D0017D3E0 /* lopcodes.c */; };
		95F58DC21AB68D6D0017D3E0 /* loslib.c in Sources */ = {isa = PBXBuildFile; fileRef = 95F58D971AB68D6D0017D3E0 /* loslib.c */; };
		95F58DC31AB68D6D0017D3E0 /* lparser.c in Sources */ = {isa = PBXBuildFile; fileRef = 95F58D981AB68D6D0017D3E0 /* lparser.c */; };
		95F58DC41AB68D6D0017D3E0 /* lstate.c in Sources */ = {isa = PBXBuildFile; fileRef = 95F58D9A1AB68D6D0017D3E0 /* lstate.c */; };
		95F58DC51AB68D6D0017D3E0 /* lstring.c in Sources */ = {isa = PBXBuildFile; fileRef = 95F58D9C1AB68D6D0017D3E0 /* lstring.c */; };
		95F58DC61AB68D6D0017D3E0 /* lstrlib.c in Sources */ = {isa = PBXBuildFile; fileRef = 95F58D9E1AB68D6D0017D3E0 /* lstrlib.c */; };
		95F58DC71AB68D6D0017D3E0 /* ltable.c in Sources */ = {isa = PBXBuildFile; fileRef = 95F58D9F1AB68D6D0017D3E0 /* ltable.c */; };
		95F58DC81AB68D6D0017D3E0 /* ltablib.c in Sources */ = {isa = PBXBuildFile; fileRef = 95F58DA11AB68D6D0017D3E0 /* ltablib.c */; };
		95F58DC91AB68D6D0017D3E0 /* ltm.c in Sources */ = {isa = PBXBuildFile; fileRef = 95F58DA21AB68D6D0017D3E0 /* ltm.c */; };
		95F58DCA1AB68D6D0017D3E0 /* lua.c in Sources */ = {isa = PBXBuildFile; fileRef = 95F58DA41AB68D6D0017D3E0 /* lua.c */; };
		95F58DCC1AB68D6D0017D3E0 /* lundump.c in Sources */ = {isa = PBXBuildFile; fileRef = 95F58DA91AB68D6D0017D3E0 /* lundump.c */; };
		95F58DCD1AB68D6D0017D3E0 /* lvm.c in Sources */ = {isa = PBXBuildFile; fileRef = 95F58DAB1AB68D6D0017D3E0 /* lvm.c */; };
		95F58DCE1AB68D6D0017D3E0 /* lzio.c in Sources */ = {isa = PBXBuildFile; fileRef = 95F58DAD1AB68D6D0017D3E0 /* lzio.c */; };
		95F58DCF1AB68D6D0017D3E0 /* print.c in Sources */ = {isa = PBXBuildFile; fileRef = 95F58DAF1AB68D6D0017D3E0 /* print.c */; };
/* End PBXBuildFile section */

/* Begin PBXFileReference section */
		0091D8F80E81B9330029341E /* OpenGL.framework */ = {isa = PBXFileReference; lastKnownFileType = wrapper.framework; name = OpenGL.framework; path = /System/Library/Frameworks/OpenGL.framework; sourceTree = "<absolute>"; };
		00B784AF0FF439BC000DE1D7 /* Accelerate.framework */ = {isa = PBXFileReference; lastKnownFileType = wrapper.framework; name = Accelerate.framework; path = System/Library/Frameworks/Accelerate.framework; sourceTree = SDKROOT; };
		00B784B00FF439BC000DE1D7 /* AudioToolbox.framework */ = {isa = PBXFileReference; lastKnownFileType = wrapper.framework; name = AudioToolbox.framework; path = System/Library/Frameworks/AudioToolbox.framework; sourceTree = SDKROOT; };
		00B784B10FF439BC000DE1D7 /* AudioUnit.framework */ = {isa = PBXFileReference; lastKnownFileType = wrapper.framework; name = AudioUnit.framework; path = System/Library/Frameworks/AudioUnit.framework; sourceTree = SDKROOT; };
		00B784B20FF439BC000DE1D7 /* CoreAudio.framework */ = {isa = PBXFileReference; lastKnownFileType = wrapper.framework; name = CoreAudio.framework; path = System/Library/Frameworks/CoreAudio.framework; sourceTree = SDKROOT; };
		074AAB2471C64FAB87F130CF /* UITestApp.cpp */ = {isa = PBXFileReference; lastKnownFileType = sourcecode.c.cpp; name = UITestApp.cpp; path = ../src/UITestApp.cpp; sourceTree = "<group>"; };
		1058C7A1FEA54F0111CA2CBB /* Cocoa.framework */ = {isa = PBXFileReference; lastKnownFileType = wrapper.framework; name = Cocoa.framework; path = /System/Library/Frameworks/Cocoa.framework; sourceTree = "<absolute>"; };
		29B97324FDCFA39411CA2CEA /* AppKit.framework */ = {isa = PBXFileReference; lastKnownFileType = wrapper.framework; name = AppKit.framework; path = /System/Library/Frameworks/AppKit.framework; sourceTree = "<absolute>"; };
		29B97325FDCFA39411CA2CEA /* Foundation.framework */ = {isa = PBXFileReference; lastKnownFileType = wrapper.framework; name = Foundation.framework; path = /System/Library/Frameworks/Foundation.framework; sourceTree = "<absolute>"; };
		5323E6B10EAFCA74003A9687 /* CoreVideo.framework */ = {isa = PBXFileReference; lastKnownFileType = wrapper.framework; name = CoreVideo.framework; path = /System/Library/Frameworks/CoreVideo.framework; sourceTree = "<absolute>"; };
		5323E6B50EAFCA7E003A9687 /* QTKit.framework */ = {isa = PBXFileReference; lastKnownFileType = wrapper.framework; name = QTKit.framework; path = /System/Library/Frameworks/QTKit.framework; sourceTree = "<absolute>"; };
		67585FE78CD94078973700D5 /* Resources.h */ = {isa = PBXFileReference; lastKnownFileType = sourcecode.c.h; name = Resources.h; path = ../include/Resources.h; sourceTree = "<group>"; };
		67BABFB29BB04A90AA7C4087 /* UITest_Prefix.pch */ = {isa = PBXFileReference; lastKnownFileType = "\"\""; path = UITest_Prefix.pch; sourceTree = "<group>"; };
		8D1107320486CEB800E47090 /* UITest.app */ = {isa = PBXFileReference; explicitFileType = wrapper.application; includeInIndex = 0; path = UITest.app; sourceTree = BUILT_PRODUCTS_DIR; };
		8E2B380823BE4AEFB5C590EB /* CinderApp.icns */ = {isa = PBXFileReference; lastKnownFileType = image.icns; name = CinderApp.icns; path = ../resources/CinderApp.icns; sourceTree = "<group>"; };
		95F58D4A1AB6884C0017D3E0 /* CFunctions.h */ = {isa = PBXFileReference; fileEncoding = 4; lastKnownFileType = sourcecode.c.h; path = CFunctions.h; sourceTree = "<group>"; };
		95F58D4B1AB6884C0017D3E0 /* ClassInfo.h */ = {isa = PBXFileReference; fileEncoding = 4; lastKnownFileType = sourcecode.c.h; path = ClassInfo.h; sourceTree = "<group>"; };
		95F58D4C1AB6884C0017D3E0 /* Constructor.h */ = {isa = PBXFileReference; fileEncoding = 4; lastKnownFileType = sourcecode.c.h; path = Constructor.h; sourceTree = "<group>"; };
		95F58D4D1AB6884C0017D3E0 /* dump.h */ = {isa = PBXFileReference; fileEncoding = 4; lastKnownFileType = sourcecode.c.h; path = dump.h; sourceTree = "<group>"; };
		95F58D4E1AB6884C0017D3E0 /* FuncTraits.h */ = {isa = PBXFileReference; fileEncoding = 4; lastKnownFileType = sourcecode.c.h; path = FuncTraits.h; sourceTree = "<group>"; };
		95F58D4F1AB6884C0017D3E0 /* Iterator.h */ = {isa = PBXFileReference; fileEncoding = 4; lastKnownFileType = sourcecode.c.h; path = Iterator.h; sourceTree = "<group>"; };
		95F58D501AB6884C0017D3E0 /* LuaException.h */ = {isa = PBXFileReference; fileEncoding = 4; lastKnownFileType = sourcecode.c.h; path = LuaException.h; sourceTree = "<group>"; };
		95F58D511AB6884C0017D3E0 /* LuaHelpers.h */ = {isa = PBXFileReference; fileEncoding = 4; lastKnownFileType = sourcecode.c.h; path = LuaHelpers.h; sourceTree = "<group>"; };
		95F58D521AB6884C0017D3E0 /* LuaRef.h */ = {isa = PBXFileReference; fileEncoding = 4; lastKnownFileType = sourcecode.c.h; path = LuaRef.h; sourceTree = "<group>"; };
		95F58D531AB6884C0017D3E0 /* Namespace.h */ = {isa = PBXFileReference; fileEncoding = 4; lastKnownFileType = sourcecode.c.h; path = Namespace.h; sourceTree = "<group>"; };
		95F58D541AB6884C0017D3E0 /* Stack.h */ = {isa = PBXFileReference; fileEncoding = 4; lastKnownFileType = sourcecode.c.h; path = Stack.h; sourceTree = "<group>"; };
		95F58D551AB6884C0017D3E0 /* TypeList.h */ = {isa = PBXFileReference; fileEncoding = 4; lastKnownFileType = sourcecode.c.h; path = TypeList.h; sourceTree = "<group>"; };
		95F58D561AB6884C0017D3E0 /* TypeTraits.h */ = {isa = PBXFileReference; fileEncoding = 4; lastKnownFileType = sourcecode.c.h; path = TypeTraits.h; sourceTree = "<group>"; };
		95F58D571AB6884C0017D3E0 /* Userdata.h */ = {isa = PBXFileReference; fileEncoding = 4; lastKnownFileType = sourcecode.c.h; path = Userdata.h; sourceTree = "<group>"; };
		95F58D581AB6884C0017D3E0 /* LuaBridge.h */ = {isa = PBXFileReference; fileEncoding = 4; lastKnownFileType = sourcecode.c.h; path = LuaBridge.h; sourceTree = "<group>"; };
		95F58D591AB6884C0017D3E0 /* RefCountedObject.h */ = {isa = PBXFileReference; fileEncoding = 4; lastKnownFileType = sourcecode.c.h; path = RefCountedObject.h; sourceTree = "<group>"; };
		95F58D5A1AB6884C0017D3E0 /* RefCountedPtr.h */ = {isa = PBXFileReference; fileEncoding = 4; lastKnownFileType = sourcecode.c.h; path = RefCountedPtr.h; sourceTree = "<group>"; };
		95F58D5B1AB6884C0017D3E0 /* XAssetManager.h */ = {isa = PBXFileReference; fileEncoding = 4; lastKnownFileType = sourcecode.c.h; name = XAssetManager.h; path = ../../../include/XAssetManager.h; sourceTree = "<group>"; };
		95F58D5C1AB6884C0017D3E0 /* XImage.h */ = {isa = PBXFileReference; fileEncoding = 4; lastKnownFileType = sourcecode.c.h; name = XImage.h; path = ../../../include/XImage.h; sourceTree = "<group>"; };
		95F58D5D1AB6884C0017D3E0 /* XLuaBindings.h */ = {isa = PBXFileReference; fileEncoding = 4; lastKnownFileType = sourcecode.c.h; name = XLuaBindings.h; path = ../../../include/XLuaBindings.h; sourceTree = "<group>"; };
		95F58D5E1AB6884C0017D3E0 /* XMovie.h */ = {isa = PBXFileReference; fileEncoding = 4; lastKnownFileType = sourcecode.c.h; name = XMovie.h; path = ../../../include/XMovie.h; sourceTree = "<group>"; };
		95F58D5F1AB6884C0017D3E0 /* XNode.h */ = {isa = PBXFileReference; fileEncoding = 4; lastKnownFileType = sourcecode.c.h; name = XNode.h; path = ../../../include/XNode.h; sourceTree = "<group>"; };
		95F58D601AB6884C0017D3E0 /* XRect.h */ = {isa = PBXFileReference; fileEncoding = 4; lastKnownFileType = sourcecode.c.h; name = XRect.h; path = ../../../include/XRect.h; sourceTree = "<group>"; };
		95F58D611AB6884C0017D3E0 /* XScene.h */ = {isa = PBXFileReference; fileEncoding = 4; lastKnownFileType = sourcecode.c.h; name = XScene.h; path = ../../../include/XScene.h; sourceTree = "<group>"; };
		95F58D621AB6884C0017D3E0 /* XScript.h */ = {isa = PBXFileReference; fileEncoding = 4; lastKnownFileType = sourcecode.c.h; name = XScript.h; path = ../../../include/XScript.h; sourceTree = "<group>"; };
		95F58D631AB6884C0017D3E0 /* XSVG.h */ = {isa = PBXFileReference; fileEncoding = 4; lastKnownFileType = sourcecode.c.h; name = XSVG.h; path = ../../../include/XSVG.h; sourceTree = "<group>"; };
		95F58D641AB6884C0017D3E0 /* XText.h */ = {isa = PBXFileReference; fileEncoding = 4; lastKnownFileType = sourcecode.c.h; name = XText.h; path = ../../../include/XText.h; sourceTree = "<group>"; };
		95F58D651AB6885A0017D3E0 /* XAssetManager.cpp */ = {isa = PBXFileReference; fileEncoding = 4; lastKnownFileType = sourcecode.cpp.cpp; name = XAssetManager.cpp; path = ../../../src/XAssetManager.cpp; sourceTree = "<group>"; };
		95F58D661AB6885A0017D3E0 /* XImage.cpp */ = {isa = PBXFileReference; fileEncoding = 4; lastKnownFileType = sourcecode.cpp.cpp; name = XImage.cpp; path = ../../../src/XImage.cpp; sourceTree = "<group>"; };
		95F58D671AB6885A0017D3E0 /* XMovie.cpp */ = {isa = PBXFileReference; fileEncoding = 4; lastKnownFileType = sourcecode.cpp.cpp; name = XMovie.cpp; path = ../../../src/XMovie.cpp; sourceTree = "<group>"; };
		95F58D681AB6885A0017D3E0 /* XNode.cpp */ = {isa = PBXFileReference; fileEncoding = 4; lastKnownFileType = sourcecode.cpp.cpp; name = XNode.cpp; path = ../../../src/XNode.cpp; sourceTree = "<group>"; };
		95F58D691AB6885A0017D3E0 /* XRect.cpp */ = {isa = PBXFileReference; fileEncoding = 4; lastKnownFileType = sourcecode.cpp.cpp; name = XRect.cpp; path = ../../../src/XRect.cpp; sourceTree = "<group>"; };
		95F58D6A1AB6885A0017D3E0 /* XScene.cpp */ = {isa = PBXFileReference; fileEncoding = 4; lastKnownFileType = sourcecode.cpp.cpp; name = XScene.cpp; path = ../../../src/XScene.cpp; sourceTree = "<group>"; };
		95F58D6B1AB6885A0017D3E0 /* XScript.cpp */ = {isa = PBXFileReference; fileEncoding = 4; lastKnownFileType = sourcecode.cpp.cpp; name = XScript.cpp; path = ../../../src/XScript.cpp; sourceTree = "<group>"; };
		95F58D6C1AB6885A0017D3E0 /* XSVG.cpp */ = {isa = PBXFileReference; fileEncoding = 4; lastKnownFileType = sourcecode.cpp.cpp; name = XSVG.cpp; path = ../../../src/XSVG.cpp; sourceTree = "<group>"; };
		95F58D6D1AB6885A0017D3E0 /* XText.cpp */ = {isa = PBXFileReference; fileEncoding = 4; lastKnownFileType = sourcecode.cpp.cpp; name = XText.cpp; path = ../../../src/XText.cpp; sourceTree = "<group>"; };
		95F58D771AB68BE80017D3E0 /* QuickTime.framework */ = {isa = PBXFileReference; lastKnownFileType = wrapper.framework; name = QuickTime.framework; path = System/Library/Frameworks/QuickTime.framework; sourceTree = SDKROOT; };
		95F58D791AB68D6D0017D3E0 /* lapi.c */ = {isa = PBXFileReference; fileEncoding = 4; lastKnownFileType = sourcecode.c.c; path = lapi.c; sourceTree = "<group>"; };
		95F58D7A1AB68D6D0017D3E0 /* lapi.h */ = {isa = PBXFileReference; fileEncoding = 4; lastKnownFileType = sourcecode.c.h; path = lapi.h; sourceTree = "<group>"; };
		95F58D7B1AB68D6D0017D3E0 /* lauxlib.c */ = {isa = PBXFileReference; fileEncoding = 4; lastKnownFileType = sourcecode.c.c; path = lauxlib.c; sourceTree = "<group>"; };
		95F58D7C1AB68D6D0017D3E0 /* lauxlib.h */ = {isa = PBXFileReference; fileEncoding = 4; lastKnownFileType = sourcecode.c.h; path = lauxlib.h; sourceTree = "<group>"; };
		95F58D7D1AB68D6D0017D3E0 /* lbaselib.c */ = {isa = PBXFileReference; fileEncoding = 4; lastKnownFileType = sourcecode.c.c; path = lbaselib.c; sourceTree = "<group>"; };
		95F58D7E1AB68D6D0017D3E0 /* lcode.c */ = {isa = PBXFileReference; fileEncoding = 4; lastKnownFileType = sourcecode.c.c; path = lcode.c; sourceTree = "<group>"; };
		95F58D7F1AB68D6D0017D3E0 /* lcode.h */ = {isa = PBXFileReference; fileEncoding = 4; lastKnownFileType = sourcecode.c.h; path = lcode.h; sourceTree = "<group>"; };
		95F58D801AB68D6D0017D3E0 /* ldblib.c */ = {isa = PBXFileReference; fileEncoding = 4; lastKnownFileType = sourcecode.c.c; path = ldblib.c; sourceTree = "<group>"; };
		95F58D811AB68D6D0017D3E0 /* ldebug.c */ = {isa = PBXFileReference; fileEncoding = 4; lastKnownFileType = sourcecode.c.c; path = ldebug.c; sourceTree = "<group>"; };
		95F58D821AB68D6D0017D3E0 /* ldebug.h */ = {isa = PBXFileReference; fileEncoding = 4; lastKnownFileType = sourcecode.c.h; path = ldebug.h; sourceTree = "<group>"; };
		95F58D831AB68D6D0017D3E0 /* ldo.c */ = {isa = PBXFileReference; fileEncoding = 4; lastKnownFileType = sourcecode.c.c; path = ldo.c; sourceTree = "<group>"; };
		95F58D841AB68D6D0017D3E0 /* ldo.h */ = {isa = PBXFileReference; fileEncoding = 4; lastKnownFileType = sourcecode.c.h; path = ldo.h; sourceTree = "<group>"; };
		95F58D851AB68D6D0017D3E0 /* ldump.c */ = {isa = PBXFileReference; fileEncoding = 4; lastKnownFileType = sourcecode.c.c; path = ldump.c; sourceTree = "<group>"; };
		95F58D861AB68D6D0017D3E0 /* lfunc.c */ = {isa = PBXFileReference; fileEncoding = 4; lastKnownFileType = sourcecode.c.c; path = lfunc.c; sourceTree = "<group>"; };
		95F58D871AB68D6D0017D3E0 /* lfunc.h */ = {isa = PBXFileReference; fileEncoding = 4; lastKnownFileType = sourcecode.c.h; path = lfunc.h; sourceTree = "<group>"; };
		95F58D881AB68D6D0017D3E0 /* lgc.c */ = {isa = PBXFileReference; fileEncoding = 4; lastKnownFileType = sourcecode.c.c; path = lgc.c; sourceTree = "<group>"; };
		95F58D891AB68D6D0017D3E0 /* lgc.h */ = {isa = PBXFileReference; fileEncoding = 4; lastKnownFileType = sourcecode.c.h; path = lgc.h; sourceTree = "<group>"; };
		95F58D8A1AB68D6D0017D3E0 /* linit.c */ = {isa = PBXFileReference; fileEncoding = 4; lastKnownFileType = sourcecode.c.c; path = linit.c; sourceTree = "<group>"; };
		95F58D8B1AB68D6D0017D3E0 /* liolib.c */ = {isa = PBXFileReference; fileEncoding = 4; lastKnownFileType = sourcecode.c.c; path = liolib.c; sourceTree = "<group>"; };
		95F58D8C1AB68D6D0017D3E0 /* llex.c */ = {isa = PBXFileReference; fileEncoding = 4; lastKnownFileType = sourcecode.c.c; path = llex.c; sourceTree = "<group>"; };
		95F58D8D1AB68D6D0017D3E0 /* llex.h */ = {isa = PBXFileReference; fileEncoding = 4; lastKnownFileType = sourcecode.c.h; path = llex.h; sourceTree = "<group>"; };
		95F58D8E1AB68D6D0017D3E0 /* llimits.h */ = {isa = PBXFileReference; fileEncoding = 4; lastKnownFileType = sourcecode.c.h; path = llimits.h; sourceTree = "<group>"; };
		95F58D8F1AB68D6D0017D3E0 /* lmathlib.c */ = {isa = PBXFileReference; fileEncoding = 4; lastKnownFileType = sourcecode.c.c; path = lmathlib.c; sourceTree = "<group>"; };
		95F58D901AB68D6D0017D3E0 /* lmem.c */ = {isa = PBXFileReference; fileEncoding = 4; lastKnownFileType = sourcecode.c.c; path = lmem.c; sourceTree = "<group>"; };
		95F58D911AB68D6D0017D3E0 /* lmem.h */ = {isa = PBXFileReference; fileEncoding = 4; lastKnownFileType = sourcecode.c.h; path = lmem.h; sourceTree = "<group>"; };
		95F58D921AB68D6D0017D3E0 /* loadlib.c */ = {isa = PBXFileReference; fileEncoding = 4; lastKnownFileType = sourcecode.c.c; path = loadlib.c; sourceTree = "<group>"; };
		95F58D931AB68D6D0017D3E0 /* lobject.c */ = {isa = PBXFileReference; fileEncoding = 4; lastKnownFileType = sourcecode.c.c; path = lobject.c; sourceTree = "<group>"; };
		95F58D941AB68D6D0017D3E0 /* lobject.h */ = {isa = PBXFileReference; fileEncoding = 4; lastKnownFileType = sourcecode.c.h; path = lobject.h; sourceTree = "<group>"; };
		95F58D951AB68D6D0017D3E0 /* lopcodes.c */ = {isa = PBXFileReference; fileEncoding = 4; lastKnownFileType = sourcecode.c.c; path = lopcodes.c; sourceTree = "<group>"; };
		95F58D961AB68D6D0017D3E0 /* lopcodes.h */ = {isa = PBXFileReference; fileEncoding = 4; lastKnownFileType = sourcecode.c.h; path = lopcodes.h; sourceTree = "<group>"; };
		95F58D971AB68D6D0017D3E0 /* loslib.c */ = {isa = PBXFileReference; fileEncoding = 4; lastKnownFileType = sourcecode.c.c; path = loslib.c; sourceTree = "<group>"; };
		95F58D981AB68D6D0017D3E0 /* lparser.c */ = {isa = PBXFileReference; fileEncoding = 4; lastKnownFileType = sourcecode.c.c; path = lparser.c; sourceTree = "<group>"; };
		95F58D991AB68D6D0017D3E0 /* lparser.h */ = {isa = PBXFileReference; fileEncoding = 4; lastKnownFileType = sourcecode.c.h; path = lparser.h; sourceTree = "<group>"; };
		95F58D9A1AB68D6D0017D3E0 /* lstate.c */ = {isa = PBXFileReference; fileEncoding = 4; lastKnownFileType = sourcecode.c.c; path = lstate.c; sourceTree = "<group>"; };
		95F58D9B1AB68D6D0017D3E0 /* lstate.h */ = {isa = PBXFileReference; fileEncoding = 4; lastKnownFileType = sourcecode.c.h; path = lstate.h; sourceTree = "<group>"; };
		95F58D9C1AB68D6D0017D3E0 /* lstring.c */ = {isa = PBXFileReference; fileEncoding = 4; lastKnownFileType = sourcecode.c.c; path = lstring.c; sourceTree = "<group>"; };
		95F58D9D1AB68D6D0017D3E0 /* lstring.h */ = {isa = PBXFileReference; fileEncoding = 4; lastKnownFileType = sourcecode.c.h; path = lstring.h; sourceTree = "<group>"; };
		95F58D9E1AB68D6D0017D3E0 /* lstrlib.c */ = {isa = PBXFileReference; fileEncoding = 4; lastKnownFileType = sourcecode.c.c; path = lstrlib.c; sourceTree = "<group>"; };
		95F58D9F1AB68D6D0017D3E0 /* ltable.c */ = {isa = PBXFileReference; fileEncoding = 4; lastKnownFileType = sourcecode.c.c; path = ltable.c; sourceTree = "<group>"; };
		95F58DA01AB68D6D0017D3E0 /* ltable.h */ = {isa = PBXFileReference; fileEncoding = 4; lastKnownFileType = sourcecode.c.h; path = ltable.h; sourceTree = "<group>"; };
		95F58DA11AB68D6D0017D3E0 /* ltablib.c */ = {isa = PBXFileReference; fileEncoding = 4; lastKnownFileType = sourcecode.c.c; path = ltablib.c; sourceTree = "<group>"; };
		95F58DA21AB68D6D0017D3E0 /* ltm.c */ = {isa = PBXFileReference; fileEncoding = 4; lastKnownFileType = sourcecode.c.c; path = ltm.c; sourceTree = "<group>"; };
		95F58DA31AB68D6D0017D3E0 /* ltm.h */ = {isa = PBXFileReference; fileEncoding = 4; lastKnownFileType = sourcecode.c.h; path = ltm.h; sourceTree = "<group>"; };
		95F58DA41AB68D6D0017D3E0 /* lua.c */ = {isa = PBXFileReference; fileEncoding = 4; lastKnownFileType = sourcecode.c.c; path = lua.c; sourceTree = "<group>"; };
		95F58DA51AB68D6D0017D3E0 /* lua.h */ = {isa = PBXFileReference; fileEncoding = 4; lastKnownFileType = sourcecode.c.h; path = lua.h; sourceTree = "<group>"; };
		95F58DA71AB68D6D0017D3E0 /* luaconf.h */ = {isa = PBXFileReference; fileEncoding = 4; lastKnownFileType = sourcecode.c.h; path = luaconf.h; sourceTree = "<group>"; };
		95F58DA81AB68D6D0017D3E0 /* lualib.h */ = {isa = PBXFileReference; fileEncoding = 4; lastKnownFileType = sourcecode.c.h; path = lualib.h; sourceTree = "<group>"; };
		95F58DA91AB68D6D0017D3E0 /* lundump.c */ = {isa = PBXFileReference; fileEncoding = 4; lastKnownFileType = sourcecode.c.c; path = lundump.c; sourceTree = "<group>"; };
		95F58DAA1AB68D6D0017D3E0 /* lundump.h */ = {isa = PBXFileReference; fileEncoding = 4; lastKnownFileType = sourcecode.c.h; path = lundump.h; sourceTree = "<group>"; };
		95F58DAB1AB68D6D0017D3E0 /* lvm.c */ = {isa = PBXFileReference; fileEncoding = 4; lastKnownFileType = sourcecode.c.c; path = lvm.c; sourceTree = "<group>"; };
		95F58DAC1AB68D6D0017D3E0 /* lvm.h */ = {isa = PBXFileReference; fileEncoding = 4; lastKnownFileType = sourcecode.c.h; path = lvm.h; sourceTree = "<group>"; };
		95F58DAD1AB68D6D0017D3E0 /* lzio.c */ = {isa = PBXFileReference; fileEncoding = 4; lastKnownFileType = sourcecode.c.c; path = lzio.c; sourceTree = "<group>"; };
		95F58DAE1AB68D6D0017D3E0 /* lzio.h */ = {isa = PBXFileReference; fileEncoding = 4; lastKnownFileType = sourcecode.c.h; path = lzio.h; sourceTree = "<group>"; };
		95F58DAF1AB68D6D0017D3E0 /* print.c */ = {isa = PBXFileReference; fileEncoding = 4; lastKnownFileType = sourcecode.c.c; path = print.c; sourceTree = "<group>"; };
		9F8948542FD24CA59CA3F446 /* Info.plist */ = {isa = PBXFileReference; lastKnownFileType = text.plist.xml; path = Info.plist; sourceTree = "<group>"; };
/* End PBXFileReference section */

/* Begin PBXFrameworksBuildPhase section */
		8D11072E0486CEB800E47090 /* Frameworks */ = {
			isa = PBXFrameworksBuildPhase;
			buildActionMask = 2147483647;
			files = (
				95F58D781AB68BE80017D3E0 /* QuickTime.framework in Frameworks */,
				8D11072F0486CEB800E47090 /* Cocoa.framework in Frameworks */,
				0091D8F90E81B9330029341E /* OpenGL.framework in Frameworks */,
				5323E6B20EAFCA74003A9687 /* CoreVideo.framework in Frameworks */,
				5323E6B60EAFCA7E003A9687 /* QTKit.framework in Frameworks */,
				00B784B30FF439BC000DE1D7 /* Accelerate.framework in Frameworks */,
				00B784B40FF439BC000DE1D7 /* AudioToolbox.framework in Frameworks */,
				00B784B50FF439BC000DE1D7 /* AudioUnit.framework in Frameworks */,
				00B784B60FF439BC000DE1D7 /* CoreAudio.framework in Frameworks */,
			);
			runOnlyForDeploymentPostprocessing = 0;
		};
/* End PBXFrameworksBuildPhase section */

/* Begin PBXGroup section */
		01B97315FEAEA392516A2CEA /* Blocks */ = {
			isa = PBXGroup;
			children = (
				95F58D251AB6880C0017D3E0 /* Cinder-XUI */,
			);
			name = Blocks;
			sourceTree = "<group>";
		};
		080E96DDFE201D6D7F000001 /* Source */ = {
			isa = PBXGroup;
			children = (
				074AAB2471C64FAB87F130CF /* UITestApp.cpp */,
			);
			name = Source;
			sourceTree = "<group>";
		};
		1058C7A0FEA54F0111CA2CBB /* Linked Frameworks */ = {
			isa = PBXGroup;
			children = (
				00B784AF0FF439BC000DE1D7 /* Accelerate.framework */,
				00B784B00FF439BC000DE1D7 /* AudioToolbox.framework */,
				00B784B10FF439BC000DE1D7 /* AudioUnit.framework */,
				00B784B20FF439BC000DE1D7 /* CoreAudio.framework */,
				5323E6B50EAFCA7E003A9687 /* QTKit.framework */,
				5323E6B10EAFCA74003A9687 /* CoreVideo.framework */,
				0091D8F80E81B9330029341E /* OpenGL.framework */,
				1058C7A1FEA54F0111CA2CBB /* Cocoa.framework */,
			);
			name = "Linked Frameworks";
			sourceTree = "<group>";
		};
		1058C7A2FEA54F0111CA2CBB /* Other Frameworks */ = {
			isa = PBXGroup;
			children = (
				29B97324FDCFA39411CA2CEA /* AppKit.framework */,
				29B97325FDCFA39411CA2CEA /* Foundation.framework */,
			);
			name = "Other Frameworks";
			sourceTree = "<group>";
		};
		19C28FACFE9D520D11CA2CBB /* Products */ = {
			isa = PBXGroup;
			children = (
				8D1107320486CEB800E47090 /* UITest.app */,
			);
			name = Products;
			sourceTree = "<group>";
		};
		29B97314FDCFA39411CA2CEA /* UITest */ = {
			isa = PBXGroup;
			children = (
				01B97315FEAEA392516A2CEA /* Blocks */,
				29B97315FDCFA39411CA2CEA /* Headers */,
				080E96DDFE201D6D7F000001 /* Source */,
				29B97317FDCFA39411CA2CEA /* Resources */,
				29B97323FDCFA39411CA2CEA /* Frameworks */,
				19C28FACFE9D520D11CA2CBB /* Products */,
			);
			name = UITest;
			sourceTree = "<group>";
		};
		29B97315FDCFA39411CA2CEA /* Headers */ = {
			isa = PBXGroup;
			children = (
				67585FE78CD94078973700D5 /* Resources.h */,
				67BABFB29BB04A90AA7C4087 /* UITest_Prefix.pch */,
			);
			name = Headers;
			sourceTree = "<group>";
		};
		29B97317FDCFA39411CA2CEA /* Resources */ = {
			isa = PBXGroup;
			children = (
				8E2B380823BE4AEFB5C590EB /* CinderApp.icns */,
				9F8948542FD24CA59CA3F446 /* Info.plist */,
			);
			name = Resources;
			sourceTree = "<group>";
		};
		29B97323FDCFA39411CA2CEA /* Frameworks */ = {
			isa = PBXGroup;
			children = (
				95F58D771AB68BE80017D3E0 /* QuickTime.framework */,
				1058C7A0FEA54F0111CA2CBB /* Linked Frameworks */,
				1058C7A2FEA54F0111CA2CBB /* Other Frameworks */,
			);
			name = Frameworks;
			sourceTree = "<group>";
		};
		95F58D251AB6880C0017D3E0 /* Cinder-XUI */ = {
			isa = PBXGroup;
			children = (
				95F58D271AB6883A0017D3E0 /* Source */,
				95F58D261AB6882C0017D3E0 /* Headers */,
			);
			name = "Cinder-XUI";
			sourceTree = "<group>";
		};
		95F58D261AB6882C0017D3E0 /* Headers */ = {
			isa = PBXGroup;
			children = (
				95F58D281AB6884C0017D3E0 /* lua */,
				95F58D481AB6884C0017D3E0 /* LuaBridge */,
				95F58D5B1AB6884C0017D3E0 /* XAssetManager.h */,
				95F58D5C1AB6884C0017D3E0 /* XImage.h */,
				95F58D5D1AB6884C0017D3E0 /* XLuaBindings.h */,
				95F58D5E1AB6884C0017D3E0 /* XMovie.h */,
				95F58D5F1AB6884C0017D3E0 /* XNode.h */,
				95F58D601AB6884C0017D3E0 /* XRect.h */,
				95F58D611AB6884C0017D3E0 /* XScene.h */,
				95F58D621AB6884C0017D3E0 /* XScript.h */,
				95F58D631AB6884C0017D3E0 /* XSVG.h */,
				95F58D641AB6884C0017D3E0 /* XText.h */,
			);
			name = Headers;
			sourceTree = "<group>";
		};
		95F58D271AB6883A0017D3E0 /* Source */ = {
			isa = PBXGroup;
			children = (
				95F58D651AB6885A0017D3E0 /* XAssetManager.cpp */,
				95F58D661AB6885A0017D3E0 /* XImage.cpp */,
				95F58D671AB6885A0017D3E0 /* XMovie.cpp */,
				95F58D681AB6885A0017D3E0 /* XNode.cpp */,
				95F58D691AB6885A0017D3E0 /* XRect.cpp */,
				95F58D6A1AB6885A0017D3E0 /* XScene.cpp */,
				95F58D6B1AB6885A0017D3E0 /* XScript.cpp */,
				95F58D6C1AB6885A0017D3E0 /* XSVG.cpp */,
				95F58D6D1AB6885A0017D3E0 /* XText.cpp */,
			);
			name = Source;
			sourceTree = "<group>";
		};
		95F58D281AB6884C0017D3E0 /* lua */ = {
			isa = PBXGroup;
			children = (
				95F58D791AB68D6D0017D3E0 /* lapi.c */,
				95F58D7A1AB68D6D0017D3E0 /* lapi.h */,
				95F58D7B1AB68D6D0017D3E0 /* lauxlib.c */,
				95F58D7C1AB68D6D0017D3E0 /* lauxlib.h */,
				95F58D7D1AB68D6D0017D3E0 /* lbaselib.c */,
				95F58D7E1AB68D6D0017D3E0 /* lcode.c */,
				95F58D7F1AB68D6D0017D3E0 /* lcode.h */,
				95F58D801AB68D6D0017D3E0 /* ldblib.c */,
				95F58D811AB68D6D0017D3E0 /* ldebug.c */,
				95F58D821AB68D6D0017D3E0 /* ldebug.h */,
				95F58D831AB68D6D0017D3E0 /* ldo.c */,
				95F58D841AB68D6D0017D3E0 /* ldo.h */,
				95F58D851AB68D6D0017D3E0 /* ldump.c */,
				95F58D861AB68D6D0017D3E0 /* lfunc.c */,
				95F58D871AB68D6D0017D3E0 /* lfunc.h */,
				95F58D881AB68D6D0017D3E0 /* lgc.c */,
				95F58D891AB68D6D0017D3E0 /* lgc.h */,
				95F58D8A1AB68D6D0017D3E0 /* linit.c */,
				95F58D8B1AB68D6D0017D3E0 /* liolib.c */,
				95F58D8C1AB68D6D0017D3E0 /* llex.c */,
				95F58D8D1AB68D6D0017D3E0 /* llex.h */,
				95F58D8E1AB68D6D0017D3E0 /* llimits.h */,
				95F58D8F1AB68D6D0017D3E0 /* lmathlib.c */,
				95F58D901AB68D6D0017D3E0 /* lmem.c */,
				95F58D911AB68D6D0017D3E0 /* lmem.h */,
				95F58D921AB68D6D0017D3E0 /* loadlib.c */,
				95F58D931AB68D6D0017D3E0 /* lobject.c */,
				95F58D941AB68D6D0017D3E0 /* lobject.h */,
				95F58D951AB68D6D0017D3E0 /* lopcodes.c */,
				95F58D961AB68D6D0017D3E0 /* lopcodes.h */,
				95F58D971AB68D6D0017D3E0 /* loslib.c */,
				95F58D981AB68D6D0017D3E0 /* lparser.c */,
				95F58D991AB68D6D0017D3E0 /* lparser.h */,
				95F58D9A1AB68D6D0017D3E0 /* lstate.c */,
				95F58D9B1AB68D6D0017D3E0 /* lstate.h */,
				95F58D9C1AB68D6D0017D3E0 /* lstring.c */,
				95F58D9D1AB68D6D0017D3E0 /* lstring.h */,
				95F58D9E1AB68D6D0017D3E0 /* lstrlib.c */,
				95F58D9F1AB68D6D0017D3E0 /* ltable.c */,
				95F58DA01AB68D6D0017D3E0 /* ltable.h */,
				95F58DA11AB68D6D0017D3E0 /* ltablib.c */,
				95F58DA21AB68D6D0017D3E0 /* ltm.c */,
				95F58DA31AB68D6D0017D3E0 /* ltm.h */,
				95F58DA41AB68D6D0017D3E0 /* lua.c */,
				95F58DA51AB68D6D0017D3E0 /* lua.h */,
				95F58DA71AB68D6D0017D3E0 /* luaconf.h */,
				95F58DA81AB68D6D0017D3E0 /* lualib.h */,
				95F58DA91AB68D6D0017D3E0 /* lundump.c */,
				95F58DAA1AB68D6D0017D3E0 /* lundump.h */,
				95F58DAB1AB68D6D0017D3E0 /* lvm.c */,
				95F58DAC1AB68D6D0017D3E0 /* lvm.h */,
				95F58DAD1AB68D6D0017D3E0 /* lzio.c */,
				95F58DAE1AB68D6D0017D3E0 /* lzio.h */,
				95F58DAF1AB68D6D0017D3E0 /* print.c */,
			);
			name = lua;
			path = ../../../include/lua;
			sourceTree = "<group>";
		};
		95F58D481AB6884C0017D3E0 /* LuaBridge */ = {
			isa = PBXGroup;
			children = (
				95F58D491AB6884C0017D3E0 /* detail */,
				95F58D581AB6884C0017D3E0 /* LuaBridge.h */,
				95F58D591AB6884C0017D3E0 /* RefCountedObject.h */,
				95F58D5A1AB6884C0017D3E0 /* RefCountedPtr.h */,
			);
			name = LuaBridge;
			path = ../../../include/LuaBridge;
			sourceTree = "<group>";
		};
		95F58D491AB6884C0017D3E0 /* detail */ = {
			isa = PBXGroup;
			children = (
				95F58D4A1AB6884C0017D3E0 /* CFunctions.h */,
				95F58D4B1AB6884C0017D3E0 /* ClassInfo.h */,
				95F58D4C1AB6884C0017D3E0 /* Constructor.h */,
				95F58D4D1AB6884C0017D3E0 /* dump.h */,
				95F58D4E1AB6884C0017D3E0 /* FuncTraits.h */,
				95F58D4F1AB6884C0017D3E0 /* Iterator.h */,
				95F58D501AB6884C0017D3E0 /* LuaException.h */,
				95F58D511AB6884C0017D3E0 /* LuaHelpers.h */,
				95F58D521AB6884C0017D3E0 /* LuaRef.h */,
				95F58D531AB6884C0017D3E0 /* Namespace.h */,
				95F58D541AB6884C0017D3E0 /* Stack.h */,
				95F58D551AB6884C0017D3E0 /* TypeList.h */,
				95F58D561AB6884C0017D3E0 /* TypeTraits.h */,
				95F58D571AB6884C0017D3E0 /* Userdata.h */,
			);
			path = detail;
			sourceTree = "<group>";
		};
/* End PBXGroup section */

/* Begin PBXNativeTarget section */
		8D1107260486CEB800E47090 /* UITest */ = {
			isa = PBXNativeTarget;
			buildConfigurationList = C01FCF4A08A954540054247B /* Build configuration list for PBXNativeTarget "UITest" */;
			buildPhases = (
				8D1107290486CEB800E47090 /* Resources */,
				8D11072C0486CEB800E47090 /* Sources */,
				8D11072E0486CEB800E47090 /* Frameworks */,
			);
			buildRules = (
			);
			dependencies = (
			);
			name = UITest;
			productInstallPath = "$(HOME)/Applications";
			productName = UITest;
			productReference = 8D1107320486CEB800E47090 /* UITest.app */;
			productType = "com.apple.product-type.application";
		};
/* End PBXNativeTarget section */

/* Begin PBXProject section */
		29B97313FDCFA39411CA2CEA /* Project object */ = {
			isa = PBXProject;
			attributes = {
			};
			buildConfigurationList = C01FCF4E08A954540054247B /* Build configuration list for PBXProject "UITest" */;
			compatibilityVersion = "Xcode 3.2";
			developmentRegion = English;
			hasScannedForEncodings = 1;
			knownRegions = (
				English,
				Japanese,
				French,
				German,
			);
			mainGroup = 29B97314FDCFA39411CA2CEA /* UITest */;
			projectDirPath = "";
			projectRoot = "";
			targets = (
				8D1107260486CEB800E47090 /* UITest */,
			);
		};
/* End PBXProject section */

/* Begin PBXResourcesBuildPhase section */
		8D1107290486CEB800E47090 /* Resources */ = {
			isa = PBXResourcesBuildPhase;
			buildActionMask = 2147483647;
			files = (
				782E3513B94B4FA78E1D82EC /* CinderApp.icns in Resources */,
			);
			runOnlyForDeploymentPostprocessing = 0;
		};
/* End PBXResourcesBuildPhase section */

/* Begin PBXSourcesBuildPhase section */
		8D11072C0486CEB800E47090 /* Sources */ = {
			isa = PBXSourcesBuildPhase;
			buildActionMask = 2147483647;
			files = (
				95F58DBE1AB68D6D0017D3E0 /* lmem.c in Sources */,
				95F58D751AB6885A0017D3E0 /* XSVG.cpp in Sources */,
				95F58D731AB6885A0017D3E0 /* XScene.cpp in Sources */,
				95F58DC41AB68D6D0017D3E0 /* lstate.c in Sources */,
				95F58DB61AB68D6D0017D3E0 /* ldo.c in Sources */,
				95F58DCE1AB68D6D0017D3E0 /* lzio.c in Sources */,
				95F58DBA1AB68D6D0017D3E0 /* linit.c in Sources */,
				95F58DBF1AB68D6D0017D3E0 /* loadlib.c in Sources */,
				95F58D741AB6885A0017D3E0 /* XScript.cpp in Sources */,
				95F58DCF1AB68D6D0017D3E0 /* print.c in Sources */,
				95F58DBC1AB68D6D0017D3E0 /* llex.c in Sources */,
				8FE5197E6FC5411C90C344E1 /* UITestApp.cpp in Sources */,
				95F58DCC1AB68D6D0017D3E0 /* lundump.c in Sources */,
				95F58DB01AB68D6D0017D3E0 /* lapi.c in Sources */,
				95F58DBD1AB68D6D0017D3E0 /* lmathlib.c in Sources */,
				95F58D6F1AB6885A0017D3E0 /* XImage.cpp in Sources */,
				95F58DC11AB68D6D0017D3E0 /* lopcodes.c in Sources */,
				95F58D711AB6885A0017D3E0 /* XNode.cpp in Sources */,
				95F58DCA1AB68D6D0017D3E0 /* lua.c in Sources */,
				95F58DC91AB68D6D0017D3E0 /* ltm.c in Sources */,
				95F58DC01AB68D6D0017D3E0 /* lobject.c in Sources */,
				95F58DC61AB68D6D0017D3E0 /* lstrlib.c in Sources */,
				95F58DB31AB68D6D0017D3E0 /* lcode.c in Sources */,
				95F58D6E1AB6885A0017D3E0 /* XAssetManager.cpp in Sources */,
				95F58DC71AB68D6D0017D3E0 /* ltable.c in Sources */,
				95F58DB41AB68D6D0017D3E0 /* ldblib.c in Sources */,
				95F58D761AB6885A0017D3E0 /* XText.cpp in Sources */,
				95F58DC31AB68D6D0017D3E0 /* lparser.c in Sources */,
				95F58DB91AB68D6D0017D3E0 /* lgc.c in Sources */,
				95F58DB71AB68D6D0017D3E0 /* ldump.c in Sources */,
				95F58DB21AB68D6D0017D3E0 /* lbaselib.c in Sources */,
				95F58DB51AB68D6D0017D3E0 /* ldebug.c in Sources */,
				95F58DC81AB68D6D0017D3E0 /* ltablib.c in Sources */,
				95F58DC21AB68D6D0017D3E0 /* loslib.c in Sources */,
				95F58D721AB6885A0017D3E0 /* XRect.cpp in Sources */,
				95F58DBB1AB68D6D0017D3E0 /* liolib.c in Sources */,
				95F58D701AB6885A0017D3E0 /* XMovie.cpp in Sources */,
				95F58DC51AB68D6D0017D3E0 /* lstring.c in Sources */,
				95F58DB81AB68D6D0017D3E0 /* lfunc.c in Sources */,
				95F58DCD1AB68D6D0017D3E0 /* lvm.c in Sources */,
				95F58DB11AB68D6D0017D3E0 /* lauxlib.c in Sources */,
			);
			runOnlyForDeploymentPostprocessing = 0;
		};
/* End PBXSourcesBuildPhase section */

/* Begin XCBuildConfiguration section */
		C01FCF4B08A954540054247B /* Debug */ = {
			isa = XCBuildConfiguration;
			buildSettings = {
				CINDER_PATH = ../../../../..;
				COMBINE_HIDPI_IMAGES = YES;
				COPY_PHASE_STRIP = NO;
				DEAD_CODE_STRIPPING = YES;
				GCC_DYNAMIC_NO_PIC = NO;
				GCC_INLINES_ARE_PRIVATE_EXTERN = YES;
				GCC_OPTIMIZATION_LEVEL = 0;
				GCC_PRECOMPILE_PREFIX_HEADER = YES;
				GCC_PREFIX_HEADER = UITest_Prefix.pch;
				GCC_PREPROCESSOR_DEFINITIONS = (
					"DEBUG=1",
					"$(inherited)",
				);
				GCC_SYMBOLS_PRIVATE_EXTERN = NO;
				INFOPLIST_FILE = Info.plist;
				INSTALL_PATH = "$(HOME)/Applications";
				OTHER_LDFLAGS = "\"$(CINDER_PATH)/lib/libcinder_d.a\"";
				PRODUCT_NAME = UITest;
				SYMROOT = ./build;
				WRAPPER_EXTENSION = app;
			};
			name = Debug;
		};
		C01FCF4C08A954540054247B /* Release */ = {
			isa = XCBuildConfiguration;
			buildSettings = {
				CINDER_PATH = ../../../../..;
				COMBINE_HIDPI_IMAGES = YES;
				DEAD_CODE_STRIPPING = YES;
				DEBUG_INFORMATION_FORMAT = "dwarf-with-dsym";
				GCC_FAST_MATH = YES;
				GCC_GENERATE_DEBUGGING_SYMBOLS = NO;
				GCC_INLINES_ARE_PRIVATE_EXTERN = YES;
				GCC_OPTIMIZATION_LEVEL = 3;
				GCC_PRECOMPILE_PREFIX_HEADER = YES;
				GCC_PREFIX_HEADER = UITest_Prefix.pch;
				GCC_SYMBOLS_PRIVATE_EXTERN = NO;
				INFOPLIST_FILE = Info.plist;
				INSTALL_PATH = "$(HOME)/Applications";
				OTHER_LDFLAGS = "\"$(CINDER_PATH)/lib/libcinder.a\"";
				PRODUCT_NAME = UITest;
				STRIP_INSTALLED_PRODUCT = YES;
				SYMROOT = ./build;
				WRAPPER_EXTENSION = app;
			};
			name = Release;
		};
		C01FCF4F08A954540054247B /* Debug */ = {
			isa = XCBuildConfiguration;
			buildSettings = {
				ALWAYS_SEARCH_USER_PATHS = NO;
				ARCHS = i386;
				CINDER_PATH = ../../cinder;
				CLANG_CXX_LANGUAGE_STANDARD = "c++0x";
				CLANG_CXX_LIBRARY = "libc++";
				GCC_WARN_ABOUT_RETURN_TYPE = YES;
				GCC_WARN_UNUSED_VARIABLE = YES;
				HEADER_SEARCH_PATHS = "\"$(CINDER_PATH)/boost\"";
				MACOSX_DEPLOYMENT_TARGET = 10.7;
				SDKROOT = macosx;
				USER_HEADER_SEARCH_PATHS = "\"$(CINDER_PATH)/include\" ../include";
			};
			name = Debug;
		};
		C01FCF5008A954540054247B /* Release */ = {
			isa = XCBuildConfiguration;
			buildSettings = {
				ALWAYS_SEARCH_USER_PATHS = NO;
				ARCHS = i386;
				CINDER_PATH = ../../cinder;
				CLANG_CXX_LANGUAGE_STANDARD = "c++0x";
				CLANG_CXX_LIBRARY = "libc++";
				GCC_WARN_ABOUT_RETURN_TYPE = YES;
				GCC_WARN_UNUSED_VARIABLE = YES;
				HEADER_SEARCH_PATHS = "\"$(CINDER_PATH)/boost\"";
				MACOSX_DEPLOYMENT_TARGET = 10.7;
				SDKROOT = macosx;
				USER_HEADER_SEARCH_PATHS = "\"$(CINDER_PATH)/include\" ../include";
			};
			name = Release;
		};
/* End XCBuildConfiguration section */

/* Begin XCConfigurationList section */
		C01FCF4A08A954540054247B /* Build configuration list for PBXNativeTarget "UITest" */ = {
			isa = XCConfigurationList;
			buildConfigurations = (
				C01FCF4B08A954540054247B /* Debug */,
				C01FCF4C08A954540054247B /* Release */,
			);
			defaultConfigurationIsVisible = 0;
			defaultConfigurationName = Release;
		};
		C01FCF4E08A954540054247B /* Build configuration list for PBXProject "UITest" */ = {
			isa = XCConfigurationList;
			buildConfigurations = (
				C01FCF4F08A954540054247B /* Debug */,
				C01FCF5008A954540054247B /* Release */,
			);
			defaultConfigurationIsVisible = 0;
			defaultConfigurationName = Release;
		};
/* End XCConfigurationList section */
	};
	rootObject = 29B97313FDCFA39411CA2CEA /* Project object */;
}
